
Microsoft Visual Studio Solution File, Format Version 12.00
# Visual Studio Version 17
VisualStudioVersion = 17.3.32922.545
MinimumVisualStudioVersion = 10.0.40219.1
Project("{FAE04EC0-301F-11D3-BF4B-00C04F79EFBC}") = "Парикмахерская", "Парикмахерская\Парикмахерская.csproj", "{B0DE3BCC-33E3-4932-952F-F6E4A18A60B0}"
EndProject
Global
	GlobalSection(SolutionConfigurationPlatforms) = preSolution
		Debug|Any CPU = Debug|Any CPU
		Release|Any CPU = Release|Any CPU
	EndGlobalSection
	GlobalSection(ProjectConfigurationPlatforms) = postSolution
		{B0DE3BCC-33E3-4932-952F-F6E4A18A60B0}.Debug|Any CPU.ActiveCfg = Debug|Any CPU
		{B0DE3BCC-33E3-4932-952F-F6E4A18A60B0}.Debug|Any CPU.Build.0 = Debug|Any CPU
		{B0DE3BCC-33E3-4932-952F-F6E4A18A60B0}.Release|Any CPU.ActiveCfg = Release|Any CPU
		{B0DE3BCC-33E3-4932-952F-F6E4A18A60B0}.Release|Any CPU.Build.0 = Release|Any CPU
	EndGlobalSection
	GlobalSection(SolutionProperties) = preSolution
		HideSolutionNode = FALSE
	EndGlobalSection
	GlobalSection(ExtensibilityGlobals) = postSolution
		SolutionGuid = {2A523983-C851-4F04-BB43-033E41AE29F1}
	EndGlobalSection
EndGlobal
